
Microsoft Visual Studio Solution File, Format Version 12.00
# Visual Studio Version 16
VisualStudioVersion = 16.0.34031.81
MinimumVisualStudioVersion = 10.0.40219.1
Project("{FAE04EC0-301F-11D3-BF4B-00C04F79EFBC}") = "BupaBookAPI", "BupaBookAPI\BupaBookAPI.csproj", "{96E73E8D-1C5F-4806-8E81-2C228606E668}"
EndProject
Project("{FAE04EC0-301F-11D3-BF4B-00C04F79EFBC}") = "BooksApiUnitTest", "BooksApiUnitTest\BooksApiUnitTest.csproj", "{AA760073-EABD-497D-A343-23A1173CE536}"
EndProject
Global
	GlobalSection(SolutionConfigurationPlatforms) = preSolution
		Debug|Any CPU = Debug|Any CPU
		Release|Any CPU = Release|Any CPU
	EndGlobalSection
	GlobalSection(ProjectConfigurationPlatforms) = postSolution
		{96E73E8D-1C5F-4806-8E81-2C228606E668}.Debug|Any CPU.ActiveCfg = Debug|Any CPU
		{96E73E8D-1C5F-4806-8E81-2C228606E668}.Debug|Any CPU.Build.0 = Debug|Any CPU
		{96E73E8D-1C5F-4806-8E81-2C228606E668}.Release|Any CPU.ActiveCfg = Release|Any CPU
		{96E73E8D-1C5F-4806-8E81-2C228606E668}.Release|Any CPU.Build.0 = Release|Any CPU
		{AA760073-EABD-497D-A343-23A1173CE536}.Debug|Any CPU.ActiveCfg = Debug|Any CPU
		{AA760073-EABD-497D-A343-23A1173CE536}.Debug|Any CPU.Build.0 = Debug|Any CPU
		{AA760073-EABD-497D-A343-23A1173CE536}.Release|Any CPU.ActiveCfg = Release|Any CPU
		{AA760073-EABD-497D-A343-23A1173CE536}.Release|Any CPU.Build.0 = Release|Any CPU
	EndGlobalSection
	GlobalSection(SolutionProperties) = preSolution
		HideSolutionNode = FALSE
	EndGlobalSection
	GlobalSection(ExtensibilityGlobals) = postSolution
		SolutionGuid = {0069B3DE-4AA1-4019-A30E-34E1ADC52325}
	EndGlobalSection
EndGlobal
